<?xml version="1.0" encoding="utf-8"?>
<Project ToolsVersion="4.0" xmlns="http://schemas.microsoft.com/developer/msbuild/2003">
  <ItemGroup>
    <Filter Include="src">
      <UniqueIdentifier>{4FC737F1-C7A5-4376-A066-2A32D752A2FF}</UniqueIdentifier>
      <Extensions>cpp;c;cc;cxx;c++;cppm;ixx;def;odl;idl;hpj;bat;asm;asmx</Extensions>
    </Filter>
    <Filter Include="src\core">
      <UniqueIdentifier>{fdc45295-4d3e-42a4-9f0e-a0997777f394}</UniqueIdentifier>
    </Filter>
    <Filter Include="resource">
      <UniqueIdentifier>{67DA6AB6-F800-4c08-8B7A-83BB121AAD01}</UniqueIdentifier>
      <Extensions>rc;ico;cur;bmp;dlg;rc2;rct;bin;rgs;gif;jpg;jpeg;jpe;resx;tiff;tif;png;wav;mfcribbon-ms</Extensions>
    </Filter>
    <Filter Include="src\test">
      <UniqueIdentifier>{7828e3b8-ed6f-4864-a0e4-689ba06929f4}</UniqueIdentifier>
    </Filter>
    <Filter Include="glad">
      <UniqueIdentifier>{1e9a7249-0043-4c34-92a7-10cf350d7430}</UniqueIdentifier>
    </Filter>
  </ItemGroup>
  <ItemGroup>
    <ClCompile Include="GraphicsProgram.cpp">
      <Filter>src\core</Filter>
    </ClCompile>
    <ClCompile Include="testcase.cpp">
      <Filter>src\test</Filter>
    </ClCompile>
    <ClCompile Include="glad.c">
      <Filter>glad</Filter>
    </ClCompile>
  </ItemGroup>
  <ItemGroup>
    <ClInclude Include="GraphicsProgram.hpp">
      <Filter>src\core</Filter>
    </ClInclude>
    <ClInclude Include="Level.hpp">
      <Filter>src\core</Filter>
    </ClInclude>
    <ClInclude Include="GameObject.hpp">
      <Filter>src\core</Filter>
    </ClInclude>
    <ClInclude Include="Component.hpp">
      <Filter>src\core</Filter>
    </ClInclude>
    <ClInclude Include="GenericComponent.hpp">
      <Filter>src\core</Filter>
    </ClInclude>
    <ClInclude Include="RenderComponent.hpp">
      <Filter>src\core</Filter>
    </ClInclude>
    <ClInclude Include="Shader.hpp">
      <Filter>src\core</Filter>
    </ClInclude>
    <ClInclude Include="ResourceManager.hpp">
      <Filter>src\core</Filter>
    </ClInclude>
    <ClInclude Include="TriRenderComponent.hpp">
      <Filter>src\test</Filter>
    </ClInclude>
  </ItemGroup>
  <ItemGroup>
    <None Include="shader-test.vert">
      <Filter>src\test</Filter>
    </None>
    <None Include="shader-test.frag">
      <Filter>src\test</Filter>
    </None>
  </ItemGroup>
</Project>